
Microsoft Visual Studio Solution File, Format Version 12.00
# Visual Studio Version 17
VisualStudioVersion = 17.1.32414.318
MinimumVisualStudioVersion = 10.0.40219.1
Project("{9A19103F-16F7-4668-BE54-9A1E7A4F7556}") = "Sabacc", "Sabacc\Sabacc.csproj", "{4623785D-785B-4304-9A12-372515512286}"
EndProject
Project("{FAE04EC0-301F-11D3-BF4B-00C04F79EFBC}") = "Sabacc.Tests", "Sabacc.Tests\Sabacc.Tests.csproj", "{796E076B-8AC9-4DD3-92FC-05BF64F1A2C6}"
EndProject
Global
	GlobalSection(SolutionConfigurationPlatforms) = preSolution
		Debug|Any CPU = Debug|Any CPU
		Release|Any CPU = Release|Any CPU
	EndGlobalSection
	GlobalSection(ProjectConfigurationPlatforms) = postSolution
		{4623785D-785B-4304-9A12-372515512286}.Debug|Any CPU.ActiveCfg = Debug|Any CPU
		{4623785D-785B-4304-9A12-372515512286}.Debug|Any CPU.Build.0 = Debug|Any CPU
		{4623785D-785B-4304-9A12-372515512286}.Release|Any CPU.ActiveCfg = Release|Any CPU
		{4623785D-785B-4304-9A12-372515512286}.Release|Any CPU.Build.0 = Release|Any CPU
		{796E076B-8AC9-4DD3-92FC-05BF64F1A2C6}.Debug|Any CPU.ActiveCfg = Debug|Any CPU
		{796E076B-8AC9-4DD3-92FC-05BF64F1A2C6}.Debug|Any CPU.Build.0 = Debug|Any CPU
		{796E076B-8AC9-4DD3-92FC-05BF64F1A2C6}.Release|Any CPU.ActiveCfg = Release|Any CPU
		{796E076B-8AC9-4DD3-92FC-05BF64F1A2C6}.Release|Any CPU.Build.0 = Release|Any CPU
	EndGlobalSection
	GlobalSection(SolutionProperties) = preSolution
		HideSolutionNode = FALSE
	EndGlobalSection
	GlobalSection(ExtensibilityGlobals) = postSolution
		SolutionGuid = {5781D647-09B5-4DA6-B031-BE4B2A45F2E0}
	EndGlobalSection
EndGlobal
